
Microsoft Visual Studio Solution File, Format Version 12.00
# Visual Studio Version 17
VisualStudioVersion = 17.14.36511.14 d17.14
MinimumVisualStudioVersion = 10.0.40219.1
Project("{FAE04EC0-301F-11D3-BF4B-00C04F79EFBC}") = "pr1", "pr1\pr1.csproj", "{F83EBE92-318B-4278-B9A2-5B480D77F570}"
EndProject
Global
	GlobalSection(SolutionConfigurationPlatforms) = preSolution
		Debug|Any CPU = Debug|Any CPU
		Release|Any CPU = Release|Any CPU
	EndGlobalSection
	GlobalSection(ProjectConfigurationPlatforms) = postSolution
		{F83EBE92-318B-4278-B9A2-5B480D77F570}.Debug|Any CPU.ActiveCfg = Debug|Any CPU
		{F83EBE92-318B-4278-B9A2-5B480D77F570}.Debug|Any CPU.Build.0 = Debug|Any CPU
		{F83EBE92-318B-4278-B9A2-5B480D77F570}.Release|Any CPU.ActiveCfg = Release|Any CPU
		{F83EBE92-318B-4278-B9A2-5B480D77F570}.Release|Any CPU.Build.0 = Release|Any CPU
	EndGlobalSection
	GlobalSection(SolutionProperties) = preSolution
		HideSolutionNode = FALSE
	EndGlobalSection
	GlobalSection(ExtensibilityGlobals) = postSolution
		SolutionGuid = {2B9C0DF2-43B8-4F49-993E-B240721DCD50}
	EndGlobalSection
EndGlobal
