
Microsoft Visual Studio Solution File, Format Version 12.00
# Visual Studio Version 17
VisualStudioVersion = 17.14.36511.14 d17.14
MinimumVisualStudioVersion = 10.0.40219.1
Project("{FAE04EC0-301F-11D3-BF4B-00C04F79EFBC}") = "HospitalManagementSystem", "HospitalManagementSystem\HospitalManagementSystem.csproj", "{458338B4-AC97-4922-94A1-744D7687C4FC}"
EndProject
Project("{FAE04EC0-301F-11D3-BF4B-00C04F79EFBC}") = "HospitalManagementTests", "HospitalManagementTests\HospitalManagementTests.csproj", "{6B325BBA-6F87-0698-DE94-11CD981FC9ED}"
EndProject
Global
	GlobalSection(SolutionConfigurationPlatforms) = preSolution
		Debug|Any CPU = Debug|Any CPU
		Release|Any CPU = Release|Any CPU
	EndGlobalSection
	GlobalSection(ProjectConfigurationPlatforms) = postSolution
		{458338B4-AC97-4922-94A1-744D7687C4FC}.Debug|Any CPU.ActiveCfg = Debug|Any CPU
		{458338B4-AC97-4922-94A1-744D7687C4FC}.Debug|Any CPU.Build.0 = Debug|Any CPU
		{458338B4-AC97-4922-94A1-744D7687C4FC}.Release|Any CPU.ActiveCfg = Release|Any CPU
		{458338B4-AC97-4922-94A1-744D7687C4FC}.Release|Any CPU.Build.0 = Release|Any CPU
		{6B325BBA-6F87-0698-DE94-11CD981FC9ED}.Debug|Any CPU.ActiveCfg = Debug|Any CPU
		{6B325BBA-6F87-0698-DE94-11CD981FC9ED}.Debug|Any CPU.Build.0 = Debug|Any CPU
		{6B325BBA-6F87-0698-DE94-11CD981FC9ED}.Release|Any CPU.ActiveCfg = Release|Any CPU
		{6B325BBA-6F87-0698-DE94-11CD981FC9ED}.Release|Any CPU.Build.0 = Release|Any CPU
	EndGlobalSection
	GlobalSection(SolutionProperties) = preSolution
		HideSolutionNode = FALSE
	EndGlobalSection
	GlobalSection(ExtensibilityGlobals) = postSolution
		SolutionGuid = {2A7A4F95-09BD-4629-9F2C-BFF221B5BFAF}
	EndGlobalSection
EndGlobal
